{
  "name": "comin-one",
  "version": "0.0.0",
  "lockfileVersion": 3,
  "requires": true,
  "packages": {
    "": {
      "name": "comin-one",
      "version": "0.0.0",
      "devDependencies": {
        "@cloudflare/workers-types": "^3.14.1",
        "@types/node": "^18.7.6",
        "discord-api-types": "^0.37.36",
        "typescript": "^4.7.4"
      }
    },
    "node_modules/@cloudflare/workers-types": {
      "version": "3.19.0",
      "resolved": "https://registry.npmjs.org/@cloudflare/workers-types/-/workers-types-3.19.0.tgz",
      "integrity": "sha512-0FRcsz7Ea3jT+gc5gKPIYciykm1bbAaTpygdzpCwGt0RL+V83zWnYN30NWDW4rIHj/FHtz+MIuBKS61C8l7AzQ==",
      "dev": true
    },
    "node_modules/@types/node": {
      "version": "18.15.3",
      "resolved": "https://registry.npmjs.org/@types/node/-/node-18.15.3.tgz",
      "integrity": "sha512-p6ua9zBxz5otCmbpb5D3U4B5Nanw6Pk3PPyX05xnxbB/fRv71N7CPmORg7uAD5P70T0xmx1pzAx/FUfa5X+3cw==",
      "dev": true
    },
    "node_modules/discord-api-types": {
      "version": "0.37.36",
      "resolved": "https://registry.npmjs.org/discord-api-types/-/discord-api-types-0.37.36.tgz",
      "integrity": "sha512-Nlxmp10UpVr/utgZ9uODQvG2Or+5w7LFrvFMswyeKC9l/+UaqGT6H0OVgEFhu9GEO4U6K7NNO5W8Carv7irnCA==",
      "dev": true
    },
    "node_modules/typescript": {
      "version": "4.9.5",
      "resolved": "https://registry.npmjs.org/typescript/-/typescript-4.9.5.tgz",
      "integrity": "sha512-1FXk9E2Hm+QzZQ7z+McJiHL4NW1F2EzMu9Nq9i3zAaGqibafqYwCVU6WyWAuyQRRzOlxou8xZSyXLEN8oKj24g==",
      "dev": true,
      "bin": {
        "tsc": "bin/tsc",
        "tsserver": "bin/tsserver"
      },
      "engines": {
        "node": ">=4.2.0"
      }
    }
  }
}
